// !$*UTF8*$!
{
	archiveVersion = 1;
	classes = {
	};
	objectVersion = 56;
	objects = {

/* Begin PBXBuildFile section */
		FA40CFE72B87651900B4E14C /* DrawingConstants.swift in Sources */ = {isa = PBXBuildFile; fileRef = FA40CFE62B87651900B4E14C /* DrawingConstants.swift */; };
		FA40CFE92B8768EC00B4E14C /* SettingsView.swift in Sources */ = {isa = PBXBuildFile; fileRef = FA40CFE82B8768EC00B4E14C /* SettingsView.swift */; };
		FA40CFEB2B876FF500B4E14C /* Strings.swift in Sources */ = {isa = PBXBuildFile; fileRef = FA40CFEA2B876FF500B4E14C /* Strings.swift */; };
		FAC57FF52B80DD14008D1ACD /* InnowiseTestApp.swift in Sources */ = {isa = PBXBuildFile; fileRef = FAC57FF42B80DD14008D1ACD /* InnowiseTestApp.swift */; };
		FAC57FF72B80DD14008D1ACD /* PokemonListView.swift in Sources */ = {isa = PBXBuildFile; fileRef = FAC57FF62B80DD14008D1ACD /* PokemonListView.swift */; };
		FAC57FF92B80DD17008D1ACD /* Assets.xcassets in Resources */ = {isa = PBXBuildFile; fileRef = FAC57FF82B80DD17008D1ACD /* Assets.xcassets */; };
		FAC57FFC2B80DD17008D1ACD /* Preview Assets.xcassets in Resources */ = {isa = PBXBuildFile; fileRef = FAC57FFB2B80DD17008D1ACD /* Preview Assets.xcassets */; };
		FAC57FFE2B80DD17008D1ACD /* Persistence.swift in Sources */ = {isa = PBXBuildFile; fileRef = FAC57FFD2B80DD17008D1ACD /* Persistence.swift */; };
		FAC5800C2B80E879008D1ACD /* AppState.swift in Sources */ = {isa = PBXBuildFile; fileRef = FAC5800B2B80E879008D1ACD /* AppState.swift */; };
		FAC580102B81FB47008D1ACD /* PokemonInteractor.swift in Sources */ = {isa = PBXBuildFile; fileRef = FAC5800F2B81FB47008D1ACD /* PokemonInteractor.swift */; };
		FAC580122B81FD48008D1ACD /* PokemonWebRepository.swift in Sources */ = {isa = PBXBuildFile; fileRef = FAC580112B81FD48008D1ACD /* PokemonWebRepository.swift */; };
		FAC5801B2B8208A0008D1ACD /* Pokemon.swift in Sources */ = {isa = PBXBuildFile; fileRef = FAC5801A2B8208A0008D1ACD /* Pokemon.swift */; };
		FAC580212B82187D008D1ACD /* API.swift in Sources */ = {isa = PBXBuildFile; fileRef = FAC580202B82187D008D1ACD /* API.swift */; };
		FAC580252B822978008D1ACD /* InteractorsContainer.swift in Sources */ = {isa = PBXBuildFile; fileRef = FAC580242B822978008D1ACD /* InteractorsContainer.swift */; };
		FAC580272B84995C008D1ACD /* PokemonDetailsView.swift in Sources */ = {isa = PBXBuildFile; fileRef = FAC580262B84995C008D1ACD /* PokemonDetailsView.swift */; };
		FAC5802B2B84A6EE008D1ACD /* Spinner.swift in Sources */ = {isa = PBXBuildFile; fileRef = FAC5802A2B84A6EE008D1ACD /* Spinner.swift */; };
		FAC5802E2B84AEA5008D1ACD /* PokemonTypeBadge.swift in Sources */ = {isa = PBXBuildFile; fileRef = FAC5802D2B84AEA5008D1ACD /* PokemonTypeBadge.swift */; };
		FAC580312B84B78F008D1ACD /* TypeHelpers.swift in Sources */ = {isa = PBXBuildFile; fileRef = FAC580302B84B78F008D1ACD /* TypeHelpers.swift */; };
		FAE344132B85FB1800450AC6 /* InnowiseTest.xcdatamodeld in Sources */ = {isa = PBXBuildFile; fileRef = FAE344112B85FB1800450AC6 /* InnowiseTest.xcdatamodeld */; };
		FAE344152B85FD8500450AC6 /* PokemonCoreDataRepository.swift in Sources */ = {isa = PBXBuildFile; fileRef = FAE344142B85FD8500450AC6 /* PokemonCoreDataRepository.swift */; };
		FAE344172B86070E00450AC6 /* Errors.swift in Sources */ = {isa = PBXBuildFile; fileRef = FAE344162B86070E00450AC6 /* Errors.swift */; };
/* End PBXBuildFile section */

/* Begin PBXFileReference section */
		FA40CFE62B87651900B4E14C /* DrawingConstants.swift */ = {isa = PBXFileReference; lastKnownFileType = sourcecode.swift; path = DrawingConstants.swift; sourceTree = "<group>"; };
		FA40CFE82B8768EC00B4E14C /* SettingsView.swift */ = {isa = PBXFileReference; lastKnownFileType = sourcecode.swift; path = SettingsView.swift; sourceTree = "<group>"; };
		FA40CFEA2B876FF500B4E14C /* Strings.swift */ = {isa = PBXFileReference; lastKnownFileType = sourcecode.swift; path = Strings.swift; sourceTree = "<group>"; };
		FA40CFEC2B87A92C00B4E14C /* README.md */ = {isa = PBXFileReference; lastKnownFileType = net.daringfireball.markdown; path = README.md; sourceTree = "<group>"; };
		FAC57FF12B80DD14008D1ACD /* InnowiseTest.app */ = {isa = PBXFileReference; explicitFileType = wrapper.application; includeInIndex = 0; path = InnowiseTest.app; sourceTree = BUILT_PRODUCTS_DIR; };
		FAC57FF42B80DD14008D1ACD /* InnowiseTestApp.swift */ = {isa = PBXFileReference; lastKnownFileType = sourcecode.swift; path = InnowiseTestApp.swift; sourceTree = "<group>"; };
		FAC57FF62B80DD14008D1ACD /* PokemonListView.swift */ = {isa = PBXFileReference; lastKnownFileType = sourcecode.swift; path = PokemonListView.swift; sourceTree = "<group>"; };
		FAC57FF82B80DD17008D1ACD /* Assets.xcassets */ = {isa = PBXFileReference; lastKnownFileType = folder.assetcatalog; path = Assets.xcassets; sourceTree = "<group>"; };
		FAC57FFB2B80DD17008D1ACD /* Preview Assets.xcassets */ = {isa = PBXFileReference; lastKnownFileType = folder.assetcatalog; path = "Preview Assets.xcassets"; sourceTree = "<group>"; };
		FAC57FFD2B80DD17008D1ACD /* Persistence.swift */ = {isa = PBXFileReference; lastKnownFileType = sourcecode.swift; path = Persistence.swift; sourceTree = "<group>"; };
		FAC5800B2B80E879008D1ACD /* AppState.swift */ = {isa = PBXFileReference; lastKnownFileType = sourcecode.swift; path = AppState.swift; sourceTree = "<group>"; };
		FAC5800F2B81FB47008D1ACD /* PokemonInteractor.swift */ = {isa = PBXFileReference; lastKnownFileType = sourcecode.swift; path = PokemonInteractor.swift; sourceTree = "<group>"; };
		FAC580112B81FD48008D1ACD /* PokemonWebRepository.swift */ = {isa = PBXFileReference; lastKnownFileType = sourcecode.swift; path = PokemonWebRepository.swift; sourceTree = "<group>"; };
		FAC5801A2B8208A0008D1ACD /* Pokemon.swift */ = {isa = PBXFileReference; lastKnownFileType = sourcecode.swift; path = Pokemon.swift; sourceTree = "<group>"; };
		FAC580202B82187D008D1ACD /* API.swift */ = {isa = PBXFileReference; lastKnownFileType = sourcecode.swift; path = API.swift; sourceTree = "<group>"; };
		FAC580242B822978008D1ACD /* InteractorsContainer.swift */ = {isa = PBXFileReference; lastKnownFileType = sourcecode.swift; path = InteractorsContainer.swift; sourceTree = "<group>"; };
		FAC580262B84995C008D1ACD /* PokemonDetailsView.swift */ = {isa = PBXFileReference; lastKnownFileType = sourcecode.swift; path = PokemonDetailsView.swift; sourceTree = "<group>"; };
		FAC5802A2B84A6EE008D1ACD /* Spinner.swift */ = {isa = PBXFileReference; lastKnownFileType = sourcecode.swift; path = Spinner.swift; sourceTree = "<group>"; };
		FAC5802D2B84AEA5008D1ACD /* PokemonTypeBadge.swift */ = {isa = PBXFileReference; lastKnownFileType = sourcecode.swift; path = PokemonTypeBadge.swift; sourceTree = "<group>"; };
		FAC580302B84B78F008D1ACD /* TypeHelpers.swift */ = {isa = PBXFileReference; lastKnownFileType = sourcecode.swift; path = TypeHelpers.swift; sourceTree = "<group>"; };
		FAE344122B85FB1800450AC6 /* InnowiseTest.xcdatamodel */ = {isa = PBXFileReference; lastKnownFileType = wrapper.xcdatamodel; path = InnowiseTest.xcdatamodel; sourceTree = "<group>"; };
		FAE344142B85FD8500450AC6 /* PokemonCoreDataRepository.swift */ = {isa = PBXFileReference; lastKnownFileType = sourcecode.swift; path = PokemonCoreDataRepository.swift; sourceTree = "<group>"; };
		FAE344162B86070E00450AC6 /* Errors.swift */ = {isa = PBXFileReference; lastKnownFileType = sourcecode.swift; path = Errors.swift; sourceTree = "<group>"; };
/* End PBXFileReference section */

/* Begin PBXFrameworksBuildPhase section */
		FAC57FEE2B80DD14008D1ACD /* Frameworks */ = {
			isa = PBXFrameworksBuildPhase;
			buildActionMask = 2147483647;
			files = (
			);
			runOnlyForDeploymentPostprocessing = 0;
		};
/* End PBXFrameworksBuildPhase section */

/* Begin PBXGroup section */
		FAC57FE82B80DD14008D1ACD = {
			isa = PBXGroup;
			children = (
				FA40CFEC2B87A92C00B4E14C /* README.md */,
				FAC57FF32B80DD14008D1ACD /* InnowiseTest */,
				FAC57FF22B80DD14008D1ACD /* Products */,
			);
			sourceTree = "<group>";
		};
		FAC57FF22B80DD14008D1ACD /* Products */ = {
			isa = PBXGroup;
			children = (
				FAC57FF12B80DD14008D1ACD /* InnowiseTest.app */,
			);
			name = Products;
			sourceTree = "<group>";
		};
		FAC57FF32B80DD14008D1ACD /* InnowiseTest */ = {
			isa = PBXGroup;
			children = (
				FAC580192B820887008D1ACD /* Entities */,
				FAC580092B80DE34008D1ACD /* AppState */,
				FAC580082B80DE27008D1ACD /* Interactor */,
				FAC580072B80DE1D008D1ACD /* View */,
				FAC5800A2B80DE56008D1ACD /* Repository */,
				FAC580132B820472008D1ACD /* Utils */,
				FAC57FF42B80DD14008D1ACD /* InnowiseTestApp.swift */,
				FAC57FF82B80DD17008D1ACD /* Assets.xcassets */,
				FAC57FFD2B80DD17008D1ACD /* Persistence.swift */,
				FA40CFEA2B876FF500B4E14C /* Strings.swift */,
				FAE344162B86070E00450AC6 /* Errors.swift */,
				FAE344112B85FB1800450AC6 /* InnowiseTest.xcdatamodeld */,
				FAC57FFA2B80DD17008D1ACD /* Preview Content */,
			);
			path = InnowiseTest;
			sourceTree = "<group>";
		};
		FAC57FFA2B80DD17008D1ACD /* Preview Content */ = {
			isa = PBXGroup;
			children = (
				FAC57FFB2B80DD17008D1ACD /* Preview Assets.xcassets */,
			);
			path = "Preview Content";
			sourceTree = "<group>";
		};
		FAC580072B80DE1D008D1ACD /* View */ = {
			isa = PBXGroup;
			children = (
				FAC5802C2B84A6FA008D1ACD /* Components */,
				FAC5802F2B84B749008D1ACD /* Pages */,
				FA40CFE62B87651900B4E14C /* DrawingConstants.swift */,
			);
			path = View;
			sourceTree = "<group>";
		};
		FAC580082B80DE27008D1ACD /* Interactor */ = {
			isa = PBXGroup;
			children = (
				FAC5800F2B81FB47008D1ACD /* PokemonInteractor.swift */,
				FAC580242B822978008D1ACD /* InteractorsContainer.swift */,
			);
			path = Interactor;
			sourceTree = "<group>";
		};
		FAC580092B80DE34008D1ACD /* AppState */ = {
			isa = PBXGroup;
			children = (
				FAC5800B2B80E879008D1ACD /* AppState.swift */,
			);
			path = AppState;
			sourceTree = "<group>";
		};
		FAC5800A2B80DE56008D1ACD /* Repository */ = {
			isa = PBXGroup;
			children = (
				FAC580112B81FD48008D1ACD /* PokemonWebRepository.swift */,
				FAE344142B85FD8500450AC6 /* PokemonCoreDataRepository.swift */,
			);
			path = Repository;
			sourceTree = "<group>";
		};
		FAC580132B820472008D1ACD /* Utils */ = {
			isa = PBXGroup;
			children = (
				FAC580202B82187D008D1ACD /* API.swift */,
				FAC580302B84B78F008D1ACD /* TypeHelpers.swift */,
			);
			path = Utils;
			sourceTree = "<group>";
		};
		FAC580192B820887008D1ACD /* Entities */ = {
			isa = PBXGroup;
			children = (
				FAC5801A2B8208A0008D1ACD /* Pokemon.swift */,
			);
			path = Entities;
			sourceTree = "<group>";
		};
		FAC5802C2B84A6FA008D1ACD /* Components */ = {
			isa = PBXGroup;
			children = (
				FAC5802A2B84A6EE008D1ACD /* Spinner.swift */,
				FAC5802D2B84AEA5008D1ACD /* PokemonTypeBadge.swift */,
			);
			path = Components;
			sourceTree = "<group>";
		};
		FAC5802F2B84B749008D1ACD /* Pages */ = {
			isa = PBXGroup;
			children = (
				FAC57FF62B80DD14008D1ACD /* PokemonListView.swift */,
				FAC580262B84995C008D1ACD /* PokemonDetailsView.swift */,
				FA40CFE82B8768EC00B4E14C /* SettingsView.swift */,
			);
			path = Pages;
			sourceTree = "<group>";
		};
/* End PBXGroup section */

/* Begin PBXNativeTarget section */
		FAC57FF02B80DD14008D1ACD /* InnowiseTest */ = {
			isa = PBXNativeTarget;
			buildConfigurationList = FAC580042B80DD17008D1ACD /* Build configuration list for PBXNativeTarget "InnowiseTest" */;
			buildPhases = (
				FAC57FED2B80DD14008D1ACD /* Sources */,
				FAC57FEE2B80DD14008D1ACD /* Frameworks */,
				FAC57FEF2B80DD14008D1ACD /* Resources */,
			);
			buildRules = (
			);
			dependencies = (
			);
			name = InnowiseTest;
			productName = InnowiseTest;
			productReference = FAC57FF12B80DD14008D1ACD /* InnowiseTest.app */;
			productType = "com.apple.product-type.application";
		};
/* End PBXNativeTarget section */

/* Begin PBXProject section */
		FAC57FE92B80DD14008D1ACD /* Project object */ = {
			isa = PBXProject;
			attributes = {
				BuildIndependentTargetsInParallel = 1;
				LastSwiftUpdateCheck = 1520;
				LastUpgradeCheck = 1520;
				TargetAttributes = {
					FAC57FF02B80DD14008D1ACD = {
						CreatedOnToolsVersion = 15.2;
					};
				};
			};
			buildConfigurationList = FAC57FEC2B80DD14008D1ACD /* Build configuration list for PBXProject "InnowiseTest" */;
			compatibilityVersion = "Xcode 14.0";
			developmentRegion = en;
			hasScannedForEncodings = 0;
			knownRegions = (
				en,
				Base,
			);
			mainGroup = FAC57FE82B80DD14008D1ACD;
			productRefGroup = FAC57FF22B80DD14008D1ACD /* Products */;
			projectDirPath = "";
			projectRoot = "";
			targets = (
				FAC57FF02B80DD14008D1ACD /* InnowiseTest */,
			);
		};
/* End PBXProject section */

/* Begin PBXResourcesBuildPhase section */
		FAC57FEF2B80DD14008D1ACD /* Resources */ = {
			isa = PBXResourcesBuildPhase;
			buildActionMask = 2147483647;
			files = (
				FAC57FFC2B80DD17008D1ACD /* Preview Assets.xcassets in Resources */,
				FAC57FF92B80DD17008D1ACD /* Assets.xcassets in Resources */,
			);
			runOnlyForDeploymentPostprocessing = 0;
		};
/* End PBXResourcesBuildPhase section */

/* Begin PBXSourcesBuildPhase section */
		FAC57FED2B80DD14008D1ACD /* Sources */ = {
			isa = PBXSourcesBuildPhase;
			buildActionMask = 2147483647;
			files = (
				FAE344152B85FD8500450AC6 /* PokemonCoreDataRepository.swift in Sources */,
				FAC57FFE2B80DD17008D1ACD /* Persistence.swift in Sources */,
				FAE344132B85FB1800450AC6 /* InnowiseTest.xcdatamodeld in Sources */,
				FA40CFE92B8768EC00B4E14C /* SettingsView.swift in Sources */,
				FAC5800C2B80E879008D1ACD /* AppState.swift in Sources */,
				FA40CFEB2B876FF500B4E14C /* Strings.swift in Sources */,
				FAE344172B86070E00450AC6 /* Errors.swift in Sources */,
				FAC5802E2B84AEA5008D1ACD /* PokemonTypeBadge.swift in Sources */,
				FAC580272B84995C008D1ACD /* PokemonDetailsView.swift in Sources */,
				FAC57FF72B80DD14008D1ACD /* PokemonListView.swift in Sources */,
				FAC580102B81FB47008D1ACD /* PokemonInteractor.swift in Sources */,
				FAC5801B2B8208A0008D1ACD /* Pokemon.swift in Sources */,
				FAC5802B2B84A6EE008D1ACD /* Spinner.swift in Sources */,
				FAC580252B822978008D1ACD /* InteractorsContainer.swift in Sources */,
				FAC580312B84B78F008D1ACD /* TypeHelpers.swift in Sources */,
				FA40CFE72B87651900B4E14C /* DrawingConstants.swift in Sources */,
				FAC57FF52B80DD14008D1ACD /* InnowiseTestApp.swift in Sources */,
				FAC580212B82187D008D1ACD /* API.swift in Sources */,
				FAC580122B81FD48008D1ACD /* PokemonWebRepository.swift in Sources */,
			);
			runOnlyForDeploymentPostprocessing = 0;
		};
/* End PBXSourcesBuildPhase section */

/* Begin XCBuildConfiguration section */
		FAC580022B80DD17008D1ACD /* Debug */ = {
			isa = XCBuildConfiguration;
			buildSettings = {
				ALWAYS_SEARCH_USER_PATHS = NO;
				ASSETCATALOG_COMPILER_GENERATE_SWIFT_ASSET_SYMBOL_EXTENSIONS = YES;
				CLANG_ANALYZER_NONNULL = YES;
				CLANG_ANALYZER_NUMBER_OBJECT_CONVERSION = YES_AGGRESSIVE;
				CLANG_CXX_LANGUAGE_STANDARD = "gnu++20";
				CLANG_ENABLE_MODULES = YES;
				CLANG_ENABLE_OBJC_ARC = YES;
				CLANG_ENABLE_OBJC_WEAK = YES;
				CLANG_WARN_BLOCK_CAPTURE_AUTORELEASING = YES;
				CLANG_WARN_BOOL_CONVERSION = YES;
				CLANG_WARN_COMMA = YES;
				CLANG_WARN_CONSTANT_CONVERSION = YES;
				CLANG_WARN_DEPRECATED_OBJC_IMPLEMENTATIONS = YES;
				CLANG_WARN_DIRECT_OBJC_ISA_USAGE = YES_ERROR;
				CLANG_WARN_DOCUMENTATION_COMMENTS = YES;
				CLANG_WARN_EMPTY_BODY = YES;
				CLANG_WARN_ENUM_CONVERSION = YES;
				CLANG_WARN_INFINITE_RECURSION = YES;
				CLANG_WARN_INT_CONVERSION = YES;
				CLANG_WARN_NON_LITERAL_NULL_CONVERSION = YES;
				CLANG_WARN_OBJC_IMPLICIT_RETAIN_SELF = YES;
				CLANG_WARN_OBJC_LITERAL_CONVERSION = YES;
				CLANG_WARN_OBJC_ROOT_CLASS = YES_ERROR;
				CLANG_WARN_QUOTED_INCLUDE_IN_FRAMEWORK_HEADER = YES;
				CLANG_WARN_RANGE_LOOP_ANALYSIS = YES;
				CLANG_WARN_STRICT_PROTOTYPES = YES;
				CLANG_WARN_SUSPICIOUS_MOVE = YES;
				CLANG_WARN_UNGUARDED_AVAILABILITY = YES_AGGRESSIVE;
				CLANG_WARN_UNREACHABLE_CODE = YES;
				CLANG_WARN__DUPLICATE_METHOD_MATCH = YES;
				COPY_PHASE_STRIP = NO;
				DEBUG_INFORMATION_FORMAT = dwarf;
				ENABLE_STRICT_OBJC_MSGSEND = YES;
				ENABLE_TESTABILITY = YES;
				ENABLE_USER_SCRIPT_SANDBOXING = YES;
				GCC_C_LANGUAGE_STANDARD = gnu17;
				GCC_DYNAMIC_NO_PIC = NO;
				GCC_NO_COMMON_BLOCKS = YES;
				GCC_OPTIMIZATION_LEVEL = 0;
				GCC_PREPROCESSOR_DEFINITIONS = (
					"DEBUG=1",
					"$(inherited)",
				);
				GCC_WARN_64_TO_32_BIT_CONVERSION = YES;
				GCC_WARN_ABOUT_RETURN_TYPE = YES_ERROR;
				GCC_WARN_UNDECLARED_SELECTOR = YES;
				GCC_WARN_UNINITIALIZED_AUTOS = YES_AGGRESSIVE;
				GCC_WARN_UNUSED_FUNCTION = YES;
				GCC_WARN_UNUSED_VARIABLE = YES;
				IPHONEOS_DEPLOYMENT_TARGET = 17.2;
				LOCALIZATION_PREFERS_STRING_CATALOGS = YES;
				MTL_ENABLE_DEBUG_INFO = INCLUDE_SOURCE;
				MTL_FAST_MATH = YES;
				ONLY_ACTIVE_ARCH = YES;
				SDKROOT = iphoneos;
				SWIFT_ACTIVE_COMPILATION_CONDITIONS = "DEBUG $(inherited)";
				SWIFT_OPTIMIZATION_LEVEL = "-Onone";
			};
			name = Debug;
		};
		FAC580032B80DD17008D1ACD /* Release */ = {
			isa = XCBuildConfiguration;
			buildSettings = {
				ALWAYS_SEARCH_USER_PATHS = NO;
				ASSETCATALOG_COMPILER_GENERATE_SWIFT_ASSET_SYMBOL_EXTENSIONS = YES;
				CLANG_ANALYZER_NONNULL = YES;
				CLANG_ANALYZER_NUMBER_OBJECT_CONVERSION = YES_AGGRESSIVE;
				CLANG_CXX_LANGUAGE_STANDARD = "gnu++20";
				CLANG_ENABLE_MODULES = YES;
				CLANG_ENABLE_OBJC_ARC = YES;
				CLANG_ENABLE_OBJC_WEAK = YES;
				CLANG_WARN_BLOCK_CAPTURE_AUTORELEASING = YES;
				CLANG_WARN_BOOL_CONVERSION = YES;
				CLANG_WARN_COMMA = YES;
				CLANG_WARN_CONSTANT_CONVERSION = YES;
				CLANG_WARN_DEPRECATED_OBJC_IMPLEMENTATIONS = YES;
				CLANG_WARN_DIRECT_OBJC_ISA_USAGE = YES_ERROR;
				CLANG_WARN_DOCUMENTATION_COMMENTS = YES;
				CLANG_WARN_EMPTY_BODY = YES;
				CLANG_WARN_ENUM_CONVERSION = YES;
				CLANG_WARN_INFINITE_RECURSION = YES;
				CLANG_WARN_INT_CONVERSION = YES;
				CLANG_WARN_NON_LITERAL_NULL_CONVERSION = YES;
				CLANG_WARN_OBJC_IMPLICIT_RETAIN_SELF = YES;
				CLANG_WARN_OBJC_LITERAL_CONVERSION = YES;
				CLANG_WARN_OBJC_ROOT_CLASS = YES_ERROR;
				CLANG_WARN_QUOTED_INCLUDE_IN_FRAMEWORK_HEADER = YES;
				CLANG_WARN_RANGE_LOOP_ANALYSIS = YES;
				CLANG_WARN_STRICT_PROTOTYPES = YES;
				CLANG_WARN_SUSPICIOUS_MOVE = YES;
				CLANG_WARN_UNGUARDED_AVAILABILITY = YES_AGGRESSIVE;
				CLANG_WARN_UNREACHABLE_CODE = YES;
				CLANG_WARN__DUPLICATE_METHOD_MATCH = YES;
				COPY_PHASE_STRIP = NO;
				DEBUG_INFORMATION_FORMAT = "dwarf-with-dsym";
				ENABLE_NS_ASSERTIONS = NO;
				ENABLE_STRICT_OBJC_MSGSEND = YES;
				ENABLE_USER_SCRIPT_SANDBOXING = YES;
				GCC_C_LANGUAGE_STANDARD = gnu17;
				GCC_NO_COMMON_BLOCKS = YES;
				GCC_WARN_64_TO_32_BIT_CONVERSION = YES;
				GCC_WARN_ABOUT_RETURN_TYPE = YES_ERROR;
				GCC_WARN_UNDECLARED_SELECTOR = YES;
				GCC_WARN_UNINITIALIZED_AUTOS = YES_AGGRESSIVE;
				GCC_WARN_UNUSED_FUNCTION = YES;
				GCC_WARN_UNUSED_VARIABLE = YES;
				IPHONEOS_DEPLOYMENT_TARGET = 17.2;
				LOCALIZATION_PREFERS_STRING_CATALOGS = YES;
				MTL_ENABLE_DEBUG_INFO = NO;
				MTL_FAST_MATH = YES;
				SDKROOT = iphoneos;
				SWIFT_COMPILATION_MODE = wholemodule;
				VALIDATE_PRODUCT = YES;
			};
			name = Release;
		};
		FAC580052B80DD17008D1ACD /* Debug */ = {
			isa = XCBuildConfiguration;
			buildSettings = {
				ASSETCATALOG_COMPILER_APPICON_NAME = AppIcon;
				ASSETCATALOG_COMPILER_GLOBAL_ACCENT_COLOR_NAME = AccentColor;
				CODE_SIGN_STYLE = Automatic;
				CURRENT_PROJECT_VERSION = 1;
				DEVELOPMENT_ASSET_PATHS = "\"InnowiseTest/Preview Content\"";
				DEVELOPMENT_TEAM = NBYQDHH5LM;
				ENABLE_PREVIEWS = YES;
				GENERATE_INFOPLIST_FILE = YES;
				INFOPLIST_KEY_CFBundleDisplayName = Pokemons;
				INFOPLIST_KEY_UIApplicationSceneManifest_Generation = YES;
				INFOPLIST_KEY_UIApplicationSupportsIndirectInputEvents = YES;
				INFOPLIST_KEY_UILaunchScreen_Generation = YES;
				INFOPLIST_KEY_UISupportedInterfaceOrientations_iPad = "UIInterfaceOrientationPortrait UIInterfaceOrientationPortraitUpsideDown UIInterfaceOrientationLandscapeLeft UIInterfaceOrientationLandscapeRight";
				INFOPLIST_KEY_UISupportedInterfaceOrientations_iPhone = "UIInterfaceOrientationPortrait UIInterfaceOrientationLandscapeLeft UIInterfaceOrientationLandscapeRight";
				IPHONEOS_DEPLOYMENT_TARGET = 15.0;
				LD_RUNPATH_SEARCH_PATHS = (
					"$(inherited)",
					"@executable_path/Frameworks",
				);
				MARKETING_VERSION = 0.1;
				PRODUCT_BUNDLE_IDENTIFIER = com.gmail.alex.vasilevski007.InnowiseTest;
				PRODUCT_NAME = "$(TARGET_NAME)";
				SWIFT_EMIT_LOC_STRINGS = YES;
				SWIFT_VERSION = 5.0;
				TARGETED_DEVICE_FAMILY = "1,2";
			};
			name = Debug;
		};
		FAC580062B80DD17008D1ACD /* Release */ = {
			isa = XCBuildConfiguration;
			buildSettings = {
				ASSETCATALOG_COMPILER_APPICON_NAME = AppIcon;
				ASSETCATALOG_COMPILER_GLOBAL_ACCENT_COLOR_NAME = AccentColor;
				CODE_SIGN_STYLE = Automatic;
				CURRENT_PROJECT_VERSION = 1;
				DEVELOPMENT_ASSET_PATHS = "\"InnowiseTest/Preview Content\"";
				DEVELOPMENT_TEAM = NBYQDHH5LM;
				ENABLE_PREVIEWS = YES;
				GENERATE_INFOPLIST_FILE = YES;
				INFOPLIST_KEY_CFBundleDisplayName = Pokemons;
				INFOPLIST_KEY_UIApplicationSceneManifest_Generation = YES;
				INFOPLIST_KEY_UIApplicationSupportsIndirectInputEvents = YES;
				INFOPLIST_KEY_UILaunchScreen_Generation = YES;
				INFOPLIST_KEY_UISupportedInterfaceOrientations_iPad = "UIInterfaceOrientationPortrait UIInterfaceOrientationPortraitUpsideDown UIInterfaceOrientationLandscapeLeft UIInterfaceOrientationLandscapeRight";
				INFOPLIST_KEY_UISupportedInterfaceOrientations_iPhone = "UIInterfaceOrientationPortrait UIInterfaceOrientationLandscapeLeft UIInterfaceOrientationLandscapeRight";
				IPHONEOS_DEPLOYMENT_TARGET = 15.0;
				LD_RUNPATH_SEARCH_PATHS = (
					"$(inherited)",
					"@executable_path/Frameworks",
				);
				MARKETING_VERSION = 0.1;
				PRODUCT_BUNDLE_IDENTIFIER = com.gmail.alex.vasilevski007.InnowiseTest;
				PRODUCT_NAME = "$(TARGET_NAME)";
				SWIFT_EMIT_LOC_STRINGS = YES;
				SWIFT_VERSION = 5.0;
				TARGETED_DEVICE_FAMILY = "1,2";
			};
			name = Release;
		};
/* End XCBuildConfiguration section */

/* Begin XCConfigurationList section */
		FAC57FEC2B80DD14008D1ACD /* Build configuration list for PBXProject "InnowiseTest" */ = {
			isa = XCConfigurationList;
			buildConfigurations = (
				FAC580022B80DD17008D1ACD /* Debug */,
				FAC580032B80DD17008D1ACD /* Release */,
			);
			defaultConfigurationIsVisible = 0;
			defaultConfigurationName = Release;
		};
		FAC580042B80DD17008D1ACD /* Build configuration list for PBXNativeTarget "InnowiseTest" */ = {
			isa = XCConfigurationList;
			buildConfigurations = (
				FAC580052B80DD17008D1ACD /* Debug */,
				FAC580062B80DD17008D1ACD /* Release */,
			);
			defaultConfigurationIsVisible = 0;
			defaultConfigurationName = Release;
		};
/* End XCConfigurationList section */

/* Begin XCVersionGroup section */
		FAE344112B85FB1800450AC6 /* InnowiseTest.xcdatamodeld */ = {
			isa = XCVersionGroup;
			children = (
				FAE344122B85FB1800450AC6 /* InnowiseTest.xcdatamodel */,
			);
			currentVersion = FAE344122B85FB1800450AC6 /* InnowiseTest.xcdatamodel */;
			name = InnowiseTest.xcdatamodeld;
			path = ../../../Downloads/spolks5/InnowiseTest.xcdatamodeld;
			sourceTree = "<group>";
			versionGroupType = wrapper.xcdatamodel;
		};
/* End XCVersionGroup section */
	};
	rootObject = FAC57FE92B80DD14008D1ACD /* Project object */;
}
